
Microsoft Visual Studio Solution File, Format Version 12.00
# Visual Studio 14
VisualStudioVersion = 14.0.23107.0
MinimumVisualStudioVersion = 10.0.40219.1
Project("{9092AA53-FB77-4645-B42D-1CCCA6BD08BD}") = "game-server", "game-server\game-server.njsproj", "{6E8F9163-1C94-47AD-9050-070A9DC4B865}"
EndProject
Project("{9092AA53-FB77-4645-B42D-1CCCA6BD08BD}") = "web-server", "web-server\web-server.njsproj", "{26C54E7E-7F52-4D03-B946-92D4CEE5E36E}"
EndProject
Global
	GlobalSection(SolutionConfigurationPlatforms) = preSolution
		Debug|Any CPU = Debug|Any CPU
		Release|Any CPU = Release|Any CPU
	EndGlobalSection
	GlobalSection(ProjectConfigurationPlatforms) = postSolution
		{6E8F9163-1C94-47AD-9050-070A9DC4B865}.Debug|Any CPU.ActiveCfg = Debug|Any CPU
		{6E8F9163-1C94-47AD-9050-070A9DC4B865}.Debug|Any CPU.Build.0 = Debug|Any CPU
		{6E8F9163-1C94-47AD-9050-070A9DC4B865}.Release|Any CPU.ActiveCfg = Release|Any CPU
		{6E8F9163-1C94-47AD-9050-070A9DC4B865}.Release|Any CPU.Build.0 = Release|Any CPU
		{26C54E7E-7F52-4D03-B946-92D4CEE5E36E}.Debug|Any CPU.ActiveCfg = Debug|Any CPU
		{26C54E7E-7F52-4D03-B946-92D4CEE5E36E}.Debug|Any CPU.Build.0 = Debug|Any CPU
		{26C54E7E-7F52-4D03-B946-92D4CEE5E36E}.Release|Any CPU.ActiveCfg = Release|Any CPU
		{26C54E7E-7F52-4D03-B946-92D4CEE5E36E}.Release|Any CPU.Build.0 = Release|Any CPU
	EndGlobalSection
	GlobalSection(SolutionProperties) = preSolution
		HideSolutionNode = FALSE
	EndGlobalSection
EndGlobal
